<?xml version="1.0" encoding="utf-8"?>
<Project ToolsVersion="4.0" xmlns="http://schemas.microsoft.com/developer/msbuild/2003">
  <ItemGroup>
    <Filter Include="Source Files">
      <UniqueIdentifier>{4FC737F1-C7A5-4376-A066-2A32D752A2FF}</UniqueIdentifier>
      <Extensions>cpp;c;cc;cxx;def;odl;idl;hpj;bat;asm;asmx</Extensions>
    </Filter>
    <Filter Include="Header Files">
      <UniqueIdentifier>{93995380-89BD-4b04-88EB-625FBE52EBFB}</UniqueIdentifier>
      <Extensions>h;hpp;hxx;hm;inl;inc;xsd</Extensions>
    </Filter>
    <Filter Include="Resource Files">
      <UniqueIdentifier>{67DA6AB6-F800-4c08-8B7A-83BB121AAD01}</UniqueIdentifier>
      <Extensions>rc;ico;cur;bmp;dlg;rc2;rct;bin;rgs;gif;jpg;jpeg;jpe;resx;tiff;tif;png;wav</Extensions>
    </Filter>
    <Filter Include="compress">
      <UniqueIdentifier>{1b4eaf3b-d671-42bb-a262-b0026167d231}</UniqueIdentifier>
    </Filter>
  </ItemGroup>
  <ItemGroup>
    <ClCompile Include="..\llfile\dirscan.cpp">
      <Filter>Source Files</Filter>
    </ClCompile>
    <ClCompile Include="..\llfile\llcmp.cpp">
      <Filter>Source Files</Filter>
    </ClCompile>
    <ClCompile Include="..\llfile\llcopy.cpp">
      <Filter>Source Files</Filter>
    </ClCompile>
    <ClCompile Include="..\llfile\lldel.cpp">
      <Filter>Source Files</Filter>
    </ClCompile>
    <ClCompile Include="..\llfile\lldir.cpp">
      <Filter>Source Files</Filter>
    </ClCompile>
    <ClCompile Include="..\llfile\lldirSort.cpp">
      <Filter>Source Files</Filter>
    </ClCompile>
    <ClCompile Include="..\llfile\llexec.cpp">
      <Filter>Source Files</Filter>
    </ClCompile>
    <ClCompile Include="..\llfile\llfile.cpp">
      <Filter>Source Files</Filter>
    </ClCompile>
    <ClCompile Include="..\llfile\llfind.cpp">
      <Filter>Source Files</Filter>
    </ClCompile>
    <ClCompile Include="..\llfile\llmove.cpp">
      <Filter>Source Files</Filter>
    </ClCompile>
    <ClCompile Include="..\llfile\llprintf.cpp">
      <Filter>Source Files</Filter>
    </ClCompile>
    <ClCompile Include="..\llfile\llsupport.cpp">
      <Filter>Source Files</Filter>
    </ClCompile>
    <ClCompile Include="..\llfile\LocaleFmt.cpp">
      <Filter>Source Files</Filter>
    </ClCompile>
    <ClCompile Include="..\llfile\Compress\compress.cpp">
      <Filter>compress</Filter>
    </ClCompile>
    <ClCompile Include="..\llfile\Compress\minilzo.c">
      <Filter>compress</Filter>
    </ClCompile>
    <ClCompile Include="..\llfile\Security.cpp">
      <Filter>Source Files</Filter>
    </ClCompile>
    <ClCompile Include="..\llfile\llpath.cpp">
      <Filter>Source Files</Filter>
    </ClCompile>
    <ClCompile Include="..\llfile\llbase.cpp">
      <Filter>Source Files</Filter>
    </ClCompile>
    <ClCompile Include="..\llfile\llstring.cpp">
      <Filter>Source Files</Filter>
    </ClCompile>
    <ClCompile Include="..\llfile\llmsg.cpp">
      <Filter>Source Files</Filter>
    </ClCompile>
    <ClCompile Include="..\llfile\getopt.cpp">
      <Filter>Source Files</Filter>
    </ClCompile>
    <ClCompile Include="..\llfile\hash.cpp">
      <Filter>Source Files</Filter>
    </ClCompile>
    <ClCompile Include="..\llfile\llreplace.cpp">
      <Filter>Source Files</Filter>
    </ClCompile>
    <ClCompile Include="..\llfile\MemMapFile.cpp">
      <Filter>Source Files</Filter>
    </ClCompile>
    <ClCompile Include="..\llfile\llsize.cpp">
      <Filter>Source Files</Filter>
    </ClCompile>
    <ClCompile Include="..\llfile\llinfo.cpp">
      <Filter>Source Files</Filter>
    </ClCompile>
  </ItemGroup>
  <ItemGroup>
    <ClInclude Include="..\llfile\comma.h">
      <Filter>Header Files</Filter>
    </ClInclude>
    <ClInclude Include="..\llfile\dirscan.h">
      <Filter>Header Files</Filter>
    </ClInclude>
    <ClInclude Include="..\llfile\getopt.h">
      <Filter>Header Files</Filter>
    </ClInclude>
    <ClInclude Include="..\llfile\llcmp.h">
      <Filter>Header Files</Filter>
    </ClInclude>
    <ClInclude Include="..\llfile\llcopy.h">
      <Filter>Header Files</Filter>
    </ClInclude>
    <ClInclude Include="..\llfile\lldel.h">
      <Filter>Header Files</Filter>
    </ClInclude>
    <ClInclude Include="..\llfile\lldir.h">
      <Filter>Header Files</Filter>
    </ClInclude>
    <ClInclude Include="..\llfile\lldirSort.h">
      <Filter>Header Files</Filter>
    </ClInclude>
    <ClInclude Include="..\llfile\llexec.h">
      <Filter>Header Files</Filter>
    </ClInclude>
    <ClInclude Include="..\llfile\llfind.h">
      <Filter>Header Files</Filter>
    </ClInclude>
    <ClInclude Include="..\llfile\llmove.h">
      <Filter>Header Files</Filter>
    </ClInclude>
    <ClInclude Include="..\llfile\llprintf.h">
      <Filter>Header Files</Filter>
    </ClInclude>
    <ClInclude Include="..\llfile\llsupport.h">
      <Filter>Header Files</Filter>
    </ClInclude>
    <ClInclude Include="..\llfile\LocaleFmt.h">
      <Filter>Header Files</Filter>
    </ClInclude>
    <ClInclude Include="..\llfile\Compress\minilzo.h">
      <Filter>compress</Filter>
    </ClInclude>
    <ClInclude Include="..\llfile\Security.h">
      <Filter>Header Files</Filter>
    </ClInclude>
    <ClInclude Include="..\llfile\llerrMsgs.h">
      <Filter>Header Files</Filter>
    </ClInclude>
    <ClInclude Include="..\llfile\llstring.h">
      <Filter>Header Files</Filter>
    </ClInclude>
    <ClInclude Include="..\llfile\llpath.h">
      <Filter>Header Files</Filter>
    </ClInclude>
    <ClInclude Include="..\llfile\llbase.h">
      <Filter>Header Files</Filter>
    </ClInclude>
    <ClInclude Include="..\llfile\llmsg.h">
      <Filter>Header Files</Filter>
    </ClInclude>
    <ClInclude Include="..\llfile\ll_stdhdr.h">
      <Filter>Header Files</Filter>
    </ClInclude>
    <ClInclude Include="..\llfile\hash.h">
      <Filter>Header Files</Filter>
    </ClInclude>
    <ClInclude Include="..\llfile\llreplace.h">
      <Filter>Header Files</Filter>
    </ClInclude>
    <ClInclude Include="..\llfile\MemMapFile.h">
      <Filter>Header Files</Filter>
    </ClInclude>
    <ClInclude Include="..\llfile\Handle.h">
      <Filter>Header Files</Filter>
    </ClInclude>
    <ClInclude Include="resource.h">
      <Filter>Header Files</Filter>
    </ClInclude>
    <ClInclude Include="..\llfile\llsize.h">
      <Filter>Header Files</Filter>
    </ClInclude>
  </ItemGroup>
  <ItemGroup>
    <None Include="..\install.bat">
      <Filter>Resource Files</Filter>
    </None>
  </ItemGroup>
  <ItemGroup>
    <ResourceCompile Include="llfile.rc">
      <Filter>Resource Files</Filter>
    </ResourceCompile>
  </ItemGroup>
  <ItemGroup>
    <Image Include="landenlabs.ico">
      <Filter>Resource Files</Filter>
    </Image>
    <Image Include="landenlabs.png">
      <Filter>Resource Files</Filter>
    </Image>
  </ItemGroup>
</Project>